{
  "name": "censor-proxy",
  "version": "1.0.0",
  "lockfileVersion": 3,
  "requires": true,
  "packages": {
    "": {
      "name": "censor-proxy",
      "version": "1.0.0",
      "license": "ISC",
      "dependencies": {
        "@silveredgold/beta-censor-client": "^0.0.0-alpha16",
        "harmon": "^1.4.4",
        "http-proxy": "^1.18.1",
        "http-proxy-response-rewrite": "^0.0.1"
      },
      "devDependencies": {
        "@types/node": "^20.5.9",
        "copyfiles": "^2.4.1",
        "typescript": "^4.5.5"
      }
    },
    "node_modules/@babel/runtime": {
      "version": "7.22.11",
      "resolved": "https://registry.npmjs.org/@babel/runtime/-/runtime-7.22.11.tgz",
      "integrity": "sha512-ee7jVNlWN09+KftVOu9n7S8gQzD/Z6hN/I8VBRXW4P1+Xe7kJGXMwu8vds4aGIMHZnNbdpSWCfZZtinytpcAvA==",
      "dependencies": {
        "regenerator-runtime": "^0.14.0"
      },
      "engines": {
        "node": ">=6.9.0"
      }
    },
    "node_modules/@microsoft/signalr": {
      "version": "6.0.21",
      "resolved": "https://registry.npmjs.org/@microsoft/signalr/-/signalr-6.0.21.tgz",
      "integrity": "sha512-3MWhSUE7AxkQs3QBuJ/spJJpg1mAHo0/6yRGhs5+Hew3Z+iqYrHVfo0yTElC7W2bVA9t3fW3jliQ9rBN0OvJLA==",
      "dependencies": {
        "abort-controller": "^3.0.0",
        "eventsource": "^1.0.7",
        "fetch-cookie": "^0.11.0",
        "node-fetch": "^2.6.7",
        "ws": "^7.4.5"
      }
    },
    "node_modules/@silveredgold/beta-censor-client": {
      "version": "0.0.0-alpha16",
      "resolved": "https://registry.npmjs.org/@silveredgold/beta-censor-client/-/beta-censor-client-0.0.0-alpha16.tgz",
      "integrity": "sha512-eCpC5HN4qYAb00SOR8fG0TrTt4N5AsQwiOlYOc9mt1SBqddhg5p9TnPUJSv0wWxq8ULHes7Fk0/O4fPxvghHxQ==",
      "dependencies": {
        "@microsoft/signalr": "^6.0.2",
        "@silveredgold/beta-shared": "^0.0.1-alpha26",
        "@silveredgold/ste-events": "^2.1.16-alpha4",
        "@silveredgold/ste-simple-events": "^2.1.16-alpha4",
        "missionlog": "^1.8.3"
      }
    },
    "node_modules/@silveredgold/beta-shared": {
      "version": "0.0.1-alpha32",
      "resolved": "https://registry.npmjs.org/@silveredgold/beta-shared/-/beta-shared-0.0.1-alpha32.tgz",
      "integrity": "sha512-TWjBI+kiLdlQVTJFZGTnfAb95UdnMdwns4EpnUWX1ZeMwJKHveF3Ta3l5R/Upcdi5lxBJiwS+KlTy1Fjj53I4w==",
      "dependencies": {
        "cross-fetch": "^3.1.5",
        "missionlog": "^1.8.3",
        "sockette": "^2.0.6",
        "strongly-typed-events": "^3.0.1"
      }
    },
    "node_modules/@silveredgold/ste-core": {
      "version": "2.1.16-alpha4",
      "resolved": "https://registry.npmjs.org/@silveredgold/ste-core/-/ste-core-2.1.16-alpha4.tgz",
      "integrity": "sha512-QDV5uMbgW4CZJH/civVi2f4p6cmUfpl+6TV4sIKlklZNOnDPVffu0Dyw0G3QZF5v0Z+6J4kFqy+xARNqEYpxkw==",
      "engines": {
        "node": ">=4.2.4"
      }
    },
    "node_modules/@silveredgold/ste-events": {
      "version": "2.1.16-alpha4",
      "resolved": "https://registry.npmjs.org/@silveredgold/ste-events/-/ste-events-2.1.16-alpha4.tgz",
      "integrity": "sha512-XzDMlrAdCtPxkaK5CiRT9H3svGXytMG09PL8XPOBx7yPj2k/GJd5rvRzIUxpGWHF1n0dwAxf93F+5WnVv2yqHQ==",
      "dependencies": {
        "@silveredgold/ste-core": "^2.1.16-alpha4"
      },
      "engines": {
        "node": ">=4.2.4"
      }
    },
    "node_modules/@silveredgold/ste-simple-events": {
      "version": "2.1.16-alpha4",
      "resolved": "https://registry.npmjs.org/@silveredgold/ste-simple-events/-/ste-simple-events-2.1.16-alpha4.tgz",
      "integrity": "sha512-e+smDXrJse/8etjo/+2Vr9hM3Ui7rgvgf41qPVZSPfqVdBqympNf3GwkWwYC/eS28m9Q+Q7yVf+h6uKNVSZQOw==",
      "dependencies": {
        "@silveredgold/ste-core": "^2.1.16-alpha4"
      },
      "engines": {
        "node": ">=4.2.4"
      }
    },
    "node_modules/@types/node": {
      "version": "20.5.9",
      "resolved": "https://registry.npmjs.org/@types/node/-/node-20.5.9.tgz",
      "integrity": "sha512-PcGNd//40kHAS3sTlzKB9C9XL4K0sTup8nbG5lC14kzEteTNuAFh9u5nA0o5TWnSG2r/JNPRXFVcHJIIeRlmqQ==",
      "dev": true
    },
    "node_modules/abort-controller": {
      "version": "3.0.0",
      "resolved": "https://registry.npmjs.org/abort-controller/-/abort-controller-3.0.0.tgz",
      "integrity": "sha512-h8lQ8tacZYnR3vNQTgibj+tODHI5/+l06Au2Pcriv/Gmet0eaj4TwWH41sO9wnHDiQsEj19q0drzdWdeAHtweg==",
      "dependencies": {
        "event-target-shim": "^5.0.0"
      },
      "engines": {
        "node": ">=6.5"
      }
    },
    "node_modules/ansi-regex": {
      "version": "5.0.1",
      "resolved": "https://registry.npmjs.org/ansi-regex/-/ansi-regex-5.0.1.tgz",
      "integrity": "sha512-quJQXlTSUGL2LH9SUXo8VwsY4soanhgo6LNSm84E1LBcE8s3O0wpdiRzyR9z/ZZJMlMWv37qOOb9pdJlMUEKFQ==",
      "dev": true,
      "engines": {
        "node": ">=8"
      }
    },
    "node_modules/ansi-styles": {
      "version": "4.3.0",
      "resolved": "https://registry.npmjs.org/ansi-styles/-/ansi-styles-4.3.0.tgz",
      "integrity": "sha512-zbB9rCJAT1rbjiVDb2hqKFHNYLxgtk8NURxZ3IZwD3F6NtxbXZQCnnSi1Lkx+IDohdPlFp222wVALIheZJQSEg==",
      "dev": true,
      "dependencies": {
        "color-convert": "^2.0.1"
      },
      "engines": {
        "node": ">=8"
      },
      "funding": {
        "url": "https://github.com/chalk/ansi-styles?sponsor=1"
      }
    },
    "node_modules/balanced-match": {
      "version": "1.0.2",
      "resolved": "https://registry.npmjs.org/balanced-match/-/balanced-match-1.0.2.tgz",
      "integrity": "sha512-3oSeUO0TMV67hN1AmbXsK4yaqU7tjiHlbxRDZOpH0KW9+CeX4bRAaX0Anxt0tx2MrpRpWwQaPwIlISEJhYU5Pw==",
      "dev": true
    },
    "node_modules/brace-expansion": {
      "version": "1.1.11",
      "resolved": "https://registry.npmjs.org/brace-expansion/-/brace-expansion-1.1.11.tgz",
      "integrity": "sha512-iCuPHDFgrHX7H2vEI/5xpz07zSHB00TpugqhmYtVmMO6518mCuRMoOYFldEBl0g187ufozdaHgWKcYFb61qGiA==",
      "dev": true,
      "dependencies": {
        "balanced-match": "^1.0.0",
        "concat-map": "0.0.1"
      }
    },
    "node_modules/buffer-from": {
      "version": "1.1.2",
      "resolved": "https://registry.npmjs.org/buffer-from/-/buffer-from-1.1.2.tgz",
      "integrity": "sha512-E+XQCRwSbaaiChtv6k6Dwgc+bx+Bs6vuKJHHl5kox/BaKbhiXzqQOwK4cO22yElGp2OCmjwVhT3HmxgyPGnJfQ=="
    },
    "node_modules/cliui": {
      "version": "7.0.4",
      "resolved": "https://registry.npmjs.org/cliui/-/cliui-7.0.4.tgz",
      "integrity": "sha512-OcRE68cOsVMXp1Yvonl/fzkQOyjLSu/8bhPDfQt0e0/Eb283TKP20Fs2MqoPsr9SwA595rRCA+QMzYc9nBP+JQ==",
      "dev": true,
      "dependencies": {
        "string-width": "^4.2.0",
        "strip-ansi": "^6.0.0",
        "wrap-ansi": "^7.0.0"
      }
    },
    "node_modules/color-convert": {
      "version": "2.0.1",
      "resolved": "https://registry.npmjs.org/color-convert/-/color-convert-2.0.1.tgz",
      "integrity": "sha512-RRECPsj7iu/xb5oKYcsFHSppFNnsj/52OVTRKb4zP5onXwVF3zVmmToNcOfGC+CRDpfK/U584fMg38ZHCaElKQ==",
      "dev": true,
      "dependencies": {
        "color-name": "~1.1.4"
      },
      "engines": {
        "node": ">=7.0.0"
      }
    },
    "node_modules/color-name": {
      "version": "1.1.4",
      "resolved": "https://registry.npmjs.org/color-name/-/color-name-1.1.4.tgz",
      "integrity": "sha512-dOy+3AuW3a2wNbZHIuMZpTcgjGuLU/uBL/ubcZF9OXbDo8ff4O8yVp5Bf0efS8uEoYo5q4Fx7dY9OgQGXgAsQA==",
      "dev": true
    },
    "node_modules/concat-map": {
      "version": "0.0.1",
      "resolved": "https://registry.npmjs.org/concat-map/-/concat-map-0.0.1.tgz",
      "integrity": "sha512-/Srv4dswyQNBfohGpz9o6Yb3Gz3SrUDqBH5rTuhGR7ahtlbYKnVxw2bCFMRljaA7EXHaXZ8wsHdodFvbkhKmqg==",
      "dev": true
    },
    "node_modules/concat-stream": {
      "version": "1.6.2",
      "resolved": "https://registry.npmjs.org/concat-stream/-/concat-stream-1.6.2.tgz",
      "integrity": "sha512-27HBghJxjiZtIk3Ycvn/4kbJk/1uZuJFfuPEns6LaEvpvG1f0hTea8lilrouyo9mVc2GWdcEZ8OLoGmSADlrCw==",
      "engines": [
        "node >= 0.8"
      ],
      "dependencies": {
        "buffer-from": "^1.0.0",
        "inherits": "^2.0.3",
        "readable-stream": "^2.2.2",
        "typedarray": "^0.0.6"
      }
    },
    "node_modules/concat-stream/node_modules/isarray": {
      "version": "1.0.0",
      "resolved": "https://registry.npmjs.org/isarray/-/isarray-1.0.0.tgz",
      "integrity": "sha512-VLghIWNM6ELQzo7zwmcg0NmTVyWKYjvIeM83yjp0wRDTmUnrM678fQbcKBo6n2CJEF0szoG//ytg+TKla89ALQ=="
    },
    "node_modules/concat-stream/node_modules/readable-stream": {
      "version": "2.3.8",
      "resolved": "https://registry.npmjs.org/readable-stream/-/readable-stream-2.3.8.tgz",
      "integrity": "sha512-8p0AUk4XODgIewSi0l8Epjs+EVnWiK7NoDIEGU0HhE7+ZyY8D1IMY7odu5lRrFXGg71L15KG8QrPmum45RTtdA==",
      "dependencies": {
        "core-util-is": "~1.0.0",
        "inherits": "~2.0.3",
        "isarray": "~1.0.0",
        "process-nextick-args": "~2.0.0",
        "safe-buffer": "~5.1.1",
        "string_decoder": "~1.1.1",
        "util-deprecate": "~1.0.1"
      }
    },
    "node_modules/concat-stream/node_modules/string_decoder": {
      "version": "1.1.1",
      "resolved": "https://registry.npmjs.org/string_decoder/-/string_decoder-1.1.1.tgz",
      "integrity": "sha512-n/ShnvDi6FHbbVfviro+WojiFzv+s8MPMHBczVePfUpDJLwoLT0ht1l4YwBCbi8pJAveEEdnkHyPyTP/mzRfwg==",
      "dependencies": {
        "safe-buffer": "~5.1.0"
      }
    },
    "node_modules/copyfiles": {
      "version": "2.4.1",
      "resolved": "https://registry.npmjs.org/copyfiles/-/copyfiles-2.4.1.tgz",
      "integrity": "sha512-fereAvAvxDrQDOXybk3Qu3dPbOoKoysFMWtkY3mv5BsL8//OSZVL5DCLYqgRfY5cWirgRzlC+WSrxp6Bo3eNZg==",
      "dev": true,
      "dependencies": {
        "glob": "^7.0.5",
        "minimatch": "^3.0.3",
        "mkdirp": "^1.0.4",
        "noms": "0.0.0",
        "through2": "^2.0.1",
        "untildify": "^4.0.0",
        "yargs": "^16.1.0"
      },
      "bin": {
        "copyfiles": "copyfiles",
        "copyup": "copyfiles"
      }
    },
    "node_modules/core-js": {
      "version": "3.32.1",
      "resolved": "https://registry.npmjs.org/core-js/-/core-js-3.32.1.tgz",
      "integrity": "sha512-lqufgNn9NLnESg5mQeYsxQP5w7wrViSj0jr/kv6ECQiByzQkrn1MKvV0L3acttpDqfQrHLwr2KCMgX5b8X+lyQ==",
      "hasInstallScript": true,
      "funding": {
        "type": "opencollective",
        "url": "https://opencollective.com/core-js"
      }
    },
    "node_modules/core-util-is": {
      "version": "1.0.3",
      "resolved": "https://registry.npmjs.org/core-util-is/-/core-util-is-1.0.3.tgz",
      "integrity": "sha512-ZQBvi1DcpJ4GDqanjucZ2Hj3wEO5pZDS89BWbkcrvdxksJorwUDDZamX9ldFkp9aw2lmBDLgkObEA4DWNJ9FYQ=="
    },
    "node_modules/cross-fetch": {
      "version": "3.1.8",
      "resolved": "https://registry.npmjs.org/cross-fetch/-/cross-fetch-3.1.8.tgz",
      "integrity": "sha512-cvA+JwZoU0Xq+h6WkMvAUqPEYy92Obet6UdKLfW60qn99ftItKjB5T+BkyWOFWe2pUyfQ+IJHmpOTznqk1M6Kg==",
      "dependencies": {
        "node-fetch": "^2.6.12"
      }
    },
    "node_modules/cssauron": {
      "version": "1.4.0",
      "resolved": "https://registry.npmjs.org/cssauron/-/cssauron-1.4.0.tgz",
      "integrity": "sha512-Ht70DcFBh+/ekjVrYS2PlDMdSQEl3OFNmjK6lcn49HptBgilXf/Zwg4uFh9Xn0pX3Q8YOkSjIFOfK2osvdqpBw==",
      "dependencies": {
        "through": "X.X.X"
      }
    },
    "node_modules/duplexer2": {
      "version": "0.0.2",
      "resolved": "https://registry.npmjs.org/duplexer2/-/duplexer2-0.0.2.tgz",
      "integrity": "sha512-+AWBwjGadtksxjOQSFDhPNQbed7icNXApT4+2BNpsXzcCBiInq2H9XW0O8sfHFaPmnQRs7cg/P0fAr2IWQSW0g==",
      "dependencies": {
        "readable-stream": "~1.1.9"
      }
    },
    "node_modules/duplexer2/node_modules/readable-stream": {
      "version": "1.1.14",
      "resolved": "https://registry.npmjs.org/readable-stream/-/readable-stream-1.1.14.tgz",
      "integrity": "sha512-+MeVjFf4L44XUkhM1eYbD8fyEsxcV81pqMSR5gblfcLCHfZvbrqy4/qYHE+/R5HoBUT11WV5O08Cr1n3YXkWVQ==",
      "dependencies": {
        "core-util-is": "~1.0.0",
        "inherits": "~2.0.1",
        "isarray": "0.0.1",
        "string_decoder": "~0.10.x"
      }
    },
    "node_modules/emoji-regex": {
      "version": "8.0.0",
      "resolved": "https://registry.npmjs.org/emoji-regex/-/emoji-regex-8.0.0.tgz",
      "integrity": "sha512-MSjYzcWNOA0ewAHpz0MxpYFvwg6yjy1NG3xteoqz644VCo/RPgnr1/GGt+ic3iJTzQ8Eu3TdM14SawnVUmGE6A==",
      "dev": true
    },
    "node_modules/escalade": {
      "version": "3.1.1",
      "resolved": "https://registry.npmjs.org/escalade/-/escalade-3.1.1.tgz",
      "integrity": "sha512-k0er2gUkLf8O0zKJiAhmkTnJlTvINGv7ygDNPbeIsX/TJjGJZHuh9B2UxbsaEkmlEo9MfhrSzmhIlhRlI2GXnw==",
      "dev": true,
      "engines": {
        "node": ">=6"
      }
    },
    "node_modules/event-target-shim": {
      "version": "5.0.1",
      "resolved": "https://registry.npmjs.org/event-target-shim/-/event-target-shim-5.0.1.tgz",
      "integrity": "sha512-i/2XbnSz/uxRCU6+NdVJgKWDTM427+MqYbkQzD321DuCQJUqOuJKIA0IM2+W2xtYHdKOmZ4dR6fExsd4SXL+WQ==",
      "engines": {
        "node": ">=6"
      }
    },
    "node_modules/eventemitter3": {
      "version": "4.0.7",
      "resolved": "https://registry.npmjs.org/eventemitter3/-/eventemitter3-4.0.7.tgz",
      "integrity": "sha512-8guHBZCwKnFhYdHr2ysuRWErTwhoN2X8XELRlrRwpmfeY2jjuUN4taQMsULKUVo1K4DvZl+0pgfyoysHxvmvEw=="
    },
    "node_modules/eventsource": {
      "version": "1.1.2",
      "resolved": "https://registry.npmjs.org/eventsource/-/eventsource-1.1.2.tgz",
      "integrity": "sha512-xAH3zWhgO2/3KIniEKYPr8plNSzlGINOUqYj0m0u7AB81iRw8b/3E73W6AuU+6klLbaSFmZnaETQ2lXPfAydrA==",
      "engines": {
        "node": ">=0.12.0"
      }
    },
    "node_modules/fetch-cookie": {
      "version": "0.11.0",
      "resolved": "https://registry.npmjs.org/fetch-cookie/-/fetch-cookie-0.11.0.tgz",
      "integrity": "sha512-BQm7iZLFhMWFy5CZ/162sAGjBfdNWb7a8LEqqnzsHFhxT/X/SVj/z2t2nu3aJvjlbQkrAlTUApplPRjWyH4mhA==",
      "dependencies": {
        "tough-cookie": "^2.3.3 || ^3.0.1 || ^4.0.0"
      },
      "engines": {
        "node": ">=8"
      }
    },
    "node_modules/follow-redirects": {
      "version": "1.15.2",
      "resolved": "https://registry.npmjs.org/follow-redirects/-/follow-redirects-1.15.2.tgz",
      "integrity": "sha512-VQLG33o04KaQ8uYi2tVNbdrWp1QWxNNea+nmIB4EVM28v0hmP17z7aG1+wAkNzVq4KeXTq3221ye5qTJP91JwA==",
      "funding": [
        {
          "type": "individual",
          "url": "https://github.com/sponsors/RubenVerborgh"
        }
      ],
      "engines": {
        "node": ">=4.0"
      },
      "peerDependenciesMeta": {
        "debug": {
          "optional": true
        }
      }
    },
    "node_modules/fs.realpath": {
      "version": "1.0.0",
      "resolved": "https://registry.npmjs.org/fs.realpath/-/fs.realpath-1.0.0.tgz",
      "integrity": "sha512-OO0pH2lK6a0hZnAdau5ItzHPI6pUlvI7jMVnxUQRtw4owF2wk8lOSabtGDCTP4Ggrg2MbGnWO9X8K1t4+fGMDw==",
      "dev": true
    },
    "node_modules/get-caller-file": {
      "version": "2.0.5",
      "resolved": "https://registry.npmjs.org/get-caller-file/-/get-caller-file-2.0.5.tgz",
      "integrity": "sha512-DyFP3BM/3YHTQOCUL/w0OZHR0lpKeGrxotcHWcqNEdnltqFwXVfhEBQ94eIo34AfQpo0rGki4cyIiftY06h2Fg==",
      "dev": true,
      "engines": {
        "node": "6.* || 8.* || >= 10.*"
      }
    },
    "node_modules/glob": {
      "version": "7.2.3",
      "resolved": "https://registry.npmjs.org/glob/-/glob-7.2.3.tgz",
      "integrity": "sha512-nFR0zLpU2YCaRxwoCJvL6UvCH2JFyFVIvwTLsIf21AuHlMskA1hhTdk+LlYJtOlYt9v6dvszD2BGRqBL+iQK9Q==",
      "dev": true,
      "dependencies": {
        "fs.realpath": "^1.0.0",
        "inflight": "^1.0.4",
        "inherits": "2",
        "minimatch": "^3.1.1",
        "once": "^1.3.0",
        "path-is-absolute": "^1.0.0"
      },
      "engines": {
        "node": "*"
      },
      "funding": {
        "url": "https://github.com/sponsors/isaacs"
      }
    },
    "node_modules/harmon": {
      "version": "1.4.4",
      "resolved": "https://registry.npmjs.org/harmon/-/harmon-1.4.4.tgz",
      "integrity": "sha512-F/fY9ZaktPg86uohpRjckEg4dqFAILIuZ2fp+TEzG4WXkqfY+5xY/clkPKksYX8dtedHOzGXLNHvVRTmP9qm0Q==",
      "dependencies": {
        "trumpet": "1.7.0"
      }
    },
    "node_modules/html-select": {
      "version": "2.3.24",
      "resolved": "https://registry.npmjs.org/html-select/-/html-select-2.3.24.tgz",
      "integrity": "sha512-kQ+YZoVQ8Aux6bUqMVc0iufcZOv03+xYZ4J5v2beT5wkNrW/e2roZ8pnU4LunVOVBGFkbodFKR0TvuMkTdyrJQ==",
      "dependencies": {
        "cssauron": "^1.1.0",
        "duplexer2": "~0.0.2",
        "inherits": "^2.0.1",
        "minimist": "~0.0.8",
        "readable-stream": "^1.0.27-1",
        "split": "~0.3.0",
        "stream-splicer": "^1.2.0",
        "through2": "^1.0.0"
      },
      "bin": {
        "html-select": "bin/cmd.js"
      }
    },
    "node_modules/html-select/node_modules/readable-stream": {
      "version": "1.1.14",
      "resolved": "https://registry.npmjs.org/readable-stream/-/readable-stream-1.1.14.tgz",
      "integrity": "sha512-+MeVjFf4L44XUkhM1eYbD8fyEsxcV81pqMSR5gblfcLCHfZvbrqy4/qYHE+/R5HoBUT11WV5O08Cr1n3YXkWVQ==",
      "dependencies": {
        "core-util-is": "~1.0.0",
        "inherits": "~2.0.1",
        "isarray": "0.0.1",
        "string_decoder": "~0.10.x"
      }
    },
    "node_modules/html-select/node_modules/through2": {
      "version": "1.1.1",
      "resolved": "https://registry.npmjs.org/through2/-/through2-1.1.1.tgz",
      "integrity": "sha512-zEbpaeSMHxczpTzO1KkMHjBC1enTA68ojeaZGG4toqdASpb9t4xUZaYFBq2/9OHo5nTGFVSYd4c910OR+6wxbQ==",
      "dependencies": {
        "readable-stream": ">=1.1.13-1 <1.2.0-0",
        "xtend": ">=4.0.0 <4.1.0-0"
      }
    },
    "node_modules/html-tokenize": {
      "version": "1.2.5",
      "resolved": "https://registry.npmjs.org/html-tokenize/-/html-tokenize-1.2.5.tgz",
      "integrity": "sha512-7sCme3w9Hiv/kfL6sO6ePTGAV5fY6P7WDZyOs0zfXXU8vsS1ps1CQfGe0J1yuAdcCnOJ9h66RLYX/e9Cife8yw==",
      "dependencies": {
        "inherits": "~2.0.1",
        "minimist": "~0.0.8",
        "readable-stream": "~1.0.27-1",
        "through2": "~0.4.1"
      },
      "bin": {
        "html-tokenize": "bin/cmd.js"
      }
    },
    "node_modules/html-tokenize/node_modules/through2": {
      "version": "0.4.2",
      "resolved": "https://registry.npmjs.org/through2/-/through2-0.4.2.tgz",
      "integrity": "sha512-45Llu+EwHKtAZYTPPVn3XZHBgakWMN3rokhEv5hu596XP+cNgplMg+Gj+1nmAvj+L0K7+N49zBKx5rah5u0QIQ==",
      "dependencies": {
        "readable-stream": "~1.0.17",
        "xtend": "~2.1.1"
      }
    },
    "node_modules/html-tokenize/node_modules/xtend": {
      "version": "2.1.2",
      "resolved": "https://registry.npmjs.org/xtend/-/xtend-2.1.2.tgz",
      "integrity": "sha512-vMNKzr2rHP9Dp/e1NQFnLQlwlhp9L/LfvnsVdHxN1f+uggyVI3i08uD14GPvCToPkdsRfyPqIyYGmIk58V98ZQ==",
      "dependencies": {
        "object-keys": "~0.4.0"
      },
      "engines": {
        "node": ">=0.4"
      }
    },
    "node_modules/http-proxy": {
      "version": "1.18.1",
      "resolved": "https://registry.npmjs.org/http-proxy/-/http-proxy-1.18.1.tgz",
      "integrity": "sha512-7mz/721AbnJwIVbnaSv1Cz3Am0ZLT/UBwkC92VlxhXv/k/BBQfM2fXElQNC27BVGr0uwUpplYPQM9LnaBMR5NQ==",
      "dependencies": {
        "eventemitter3": "^4.0.0",
        "follow-redirects": "^1.0.0",
        "requires-port": "^1.0.0"
      },
      "engines": {
        "node": ">=8.0.0"
      }
    },
    "node_modules/http-proxy-response-rewrite": {
      "version": "0.0.1",
      "resolved": "https://registry.npmjs.org/http-proxy-response-rewrite/-/http-proxy-response-rewrite-0.0.1.tgz",
      "integrity": "sha512-smtaa2sKgiWrP9c9W+/MFzgjeh3A4zsQOLh1S3rp1NsmNYIVO07AlWUnhoUnMZIuxY6+3v7OS5NlDGX2I2DWBQ==",
      "dependencies": {
        "bufferhelper": "^0.2.1",
        "concat-stream": "^1.5.1"
      }
    },
    "node_modules/http-proxy-response-rewrite/node_modules/bufferhelper": {
      "version": "0.2.1",
      "resolved": "https://registry.npmjs.org/bufferhelper/-/bufferhelper-0.2.1.tgz",
      "integrity": "sha512-asncN5SO1YOZLCV3u26XtrbF9QXhSyq01nQOc1TFt9/gfOn7feOGJoVKk5Ewtj7wvFGPH/eGSKZ5qq/A4/PPfw==",
      "engines": {
        "node": ">= 0.8.0"
      }
    },
    "node_modules/indexof": {
      "version": "0.0.1",
      "resolved": "https://registry.npmjs.org/indexof/-/indexof-0.0.1.tgz",
      "integrity": "sha512-i0G7hLJ1z0DE8dsqJa2rycj9dBmNKgXBvotXtZYXakU9oivfB9Uj2ZBC27qqef2U58/ZLwalxa1X/RDCdkHtVg=="
    },
    "node_modules/inflight": {
      "version": "1.0.6",
      "resolved": "https://registry.npmjs.org/inflight/-/inflight-1.0.6.tgz",
      "integrity": "sha512-k92I/b08q4wvFscXCLvqfsHCrjrF7yiXsQuIVvVE7N82W3+aqpzuUdBbfhWcy/FZR3/4IgflMgKLOsvPDrGCJA==",
      "dev": true,
      "dependencies": {
        "once": "^1.3.0",
        "wrappy": "1"
      }
    },
    "node_modules/inherits": {
      "version": "2.0.4",
      "resolved": "https://registry.npmjs.org/inherits/-/inherits-2.0.4.tgz",
      "integrity": "sha512-k/vGaX4/Yla3WzyMCvTQOXYeIHvqOKtnqBduzTHpzpQZzAskKMhZ2K+EnBiSM9zGSoIFeMpXKxa4dYeZIQqewQ=="
    },
    "node_modules/is-fullwidth-code-point": {
      "version": "3.0.0",
      "resolved": "https://registry.npmjs.org/is-fullwidth-code-point/-/is-fullwidth-code-point-3.0.0.tgz",
      "integrity": "sha512-zymm5+u+sCsSWyD9qNaejV3DFvhCKclKdizYaJUuHA83RLjb7nSuGnddCHGv0hk+KY7BMAlsWeK4Ueg6EV6XQg==",
      "dev": true,
      "engines": {
        "node": ">=8"
      }
    },
    "node_modules/isarray": {
      "version": "0.0.1",
      "resolved": "https://registry.npmjs.org/isarray/-/isarray-0.0.1.tgz",
      "integrity": "sha512-D2S+3GLxWH+uhrNEcoh/fnmYeP8E8/zHl644d/jdA0g2uyXvy3sb0qxotE+ne0LtccHknQzWwZEzhak7oJ0COQ=="
    },
    "node_modules/minimatch": {
      "version": "3.1.2",
      "resolved": "https://registry.npmjs.org/minimatch/-/minimatch-3.1.2.tgz",
      "integrity": "sha512-J7p63hRiAjw1NDEww1W7i37+ByIrOWO5XQQAzZ3VOcL0PNybwpfmV/N05zFAzwQ9USyEcX6t3UO+K5aqBQOIHw==",
      "dev": true,
      "dependencies": {
        "brace-expansion": "^1.1.7"
      },
      "engines": {
        "node": "*"
      }
    },
    "node_modules/minimist": {
      "version": "0.0.10",
      "resolved": "https://registry.npmjs.org/minimist/-/minimist-0.0.10.tgz",
      "integrity": "sha512-iotkTvxc+TwOm5Ieim8VnSNvCDjCK9S8G3scJ50ZthspSxa7jx50jkhYduuAtAjvfDUwSgOwf8+If99AlOEhyw=="
    },
    "node_modules/missionlog": {
      "version": "1.8.8",
      "resolved": "https://registry.npmjs.org/missionlog/-/missionlog-1.8.8.tgz",
      "integrity": "sha512-93Hqh1xZjx8niupjcLky8mtap6D1t4vU62iutH6xe4MxTUQFitZd5AlMuTWOvkTOg06ttMhLPu572kLg/QX1+Q==",
      "dependencies": {
        "@babel/runtime": "^7.22.5",
        "core-js": "^3.31.0"
      },
      "engines": {
        "node": ">=16.0.0"
      }
    },
    "node_modules/mkdirp": {
      "version": "1.0.4",
      "resolved": "https://registry.npmjs.org/mkdirp/-/mkdirp-1.0.4.tgz",
      "integrity": "sha512-vVqVZQyf3WLx2Shd0qJ9xuvqgAyKPLAiqITEtqW0oIUjzo3PePDd6fW9iFz30ef7Ysp/oiWqbhszeGWW2T6Gzw==",
      "dev": true,
      "bin": {
        "mkdirp": "bin/cmd.js"
      },
      "engines": {
        "node": ">=10"
      }
    },
    "node_modules/node-fetch": {
      "version": "2.7.0",
      "resolved": "https://registry.npmjs.org/node-fetch/-/node-fetch-2.7.0.tgz",
      "integrity": "sha512-c4FRfUm/dbcWZ7U+1Wq0AwCyFL+3nt2bEw05wfxSz+DWpWsitgmSgYmy2dQdWyKC1694ELPqMs/YzUSNozLt8A==",
      "dependencies": {
        "whatwg-url": "^5.0.0"
      },
      "engines": {
        "node": "4.x || >=6.0.0"
      },
      "peerDependencies": {
        "encoding": "^0.1.0"
      },
      "peerDependenciesMeta": {
        "encoding": {
          "optional": true
        }
      }
    },
    "node_modules/noms": {
      "version": "0.0.0",
      "resolved": "https://registry.npmjs.org/noms/-/noms-0.0.0.tgz",
      "integrity": "sha512-lNDU9VJaOPxUmXcLb+HQFeUgQQPtMI24Gt6hgfuMHRJgMRHMF/qZ4HJD3GDru4sSw9IQl2jPjAYnQrdIeLbwow==",
      "dev": true,
      "dependencies": {
        "inherits": "^2.0.1",
        "readable-stream": "~1.0.31"
      }
    },
    "node_modules/object-keys": {
      "version": "0.4.0",
      "resolved": "https://registry.npmjs.org/object-keys/-/object-keys-0.4.0.tgz",
      "integrity": "sha512-ncrLw+X55z7bkl5PnUvHwFK9FcGuFYo9gtjws2XtSzL+aZ8tm830P60WJ0dSmFVaSalWieW5MD7kEdnXda9yJw=="
    },
    "node_modules/once": {
      "version": "1.4.0",
      "resolved": "https://registry.npmjs.org/once/-/once-1.4.0.tgz",
      "integrity": "sha512-lNaJgI+2Q5URQBkccEKHTQOPaXdUxnZZElQTZY0MFUAuaEqe1E+Nyvgdz/aIyNi6Z9MzO5dv1H8n58/GELp3+w==",
      "dev": true,
      "dependencies": {
        "wrappy": "1"
      }
    },
    "node_modules/path-is-absolute": {
      "version": "1.0.1",
      "resolved": "https://registry.npmjs.org/path-is-absolute/-/path-is-absolute-1.0.1.tgz",
      "integrity": "sha512-AVbw3UJ2e9bq64vSaS9Am0fje1Pa8pbGqTTsmXfaIiMpnr5DlDhfJOuLj9Sf95ZPVDAUerDfEk88MPmPe7UCQg==",
      "dev": true,
      "engines": {
        "node": ">=0.10.0"
      }
    },
    "node_modules/process-nextick-args": {
      "version": "2.0.1",
      "resolved": "https://registry.npmjs.org/process-nextick-args/-/process-nextick-args-2.0.1.tgz",
      "integrity": "sha512-3ouUOpQhtgrbOa17J7+uxOTpITYWaGP7/AhoR3+A+/1e9skrzelGi/dXzEYyvbxubEF6Wn2ypscTKiKJFFn1ag=="
    },
    "node_modules/psl": {
      "version": "1.9.0",
      "resolved": "https://registry.npmjs.org/psl/-/psl-1.9.0.tgz",
      "integrity": "sha512-E/ZsdU4HLs/68gYzgGTkMicWTLPdAftJLfJFlLUAAKZGkStNU72sZjT66SnMDVOfOWY/YAoiD7Jxa9iHvngcag=="
    },
    "node_modules/punycode": {
      "version": "2.3.0",
      "resolved": "https://registry.npmjs.org/punycode/-/punycode-2.3.0.tgz",
      "integrity": "sha512-rRV+zQD8tVFys26lAGR9WUuS4iUAngJScM+ZRSKtvl5tKeZ2t5bvdNFdNHBW9FWR4guGHlgmsZ1G7BSm2wTbuA==",
      "engines": {
        "node": ">=6"
      }
    },
    "node_modules/querystringify": {
      "version": "2.2.0",
      "resolved": "https://registry.npmjs.org/querystringify/-/querystringify-2.2.0.tgz",
      "integrity": "sha512-FIqgj2EUvTa7R50u0rGsyTftzjYmv/a3hO345bZNrqabNqjtgiDMgmo4mkUjd+nzU5oF3dClKqFIPUKybUyqoQ=="
    },
    "node_modules/readable-stream": {
      "version": "1.0.34",
      "resolved": "https://registry.npmjs.org/readable-stream/-/readable-stream-1.0.34.tgz",
      "integrity": "sha512-ok1qVCJuRkNmvebYikljxJA/UEsKwLl2nI1OmaqAu4/UE+h0wKCHok4XkL/gvi39OacXvw59RJUOFUkDib2rHg==",
      "dependencies": {
        "core-util-is": "~1.0.0",
        "inherits": "~2.0.1",
        "isarray": "0.0.1",
        "string_decoder": "~0.10.x"
      }
    },
    "node_modules/readable-wrap": {
      "version": "1.0.0",
      "resolved": "https://registry.npmjs.org/readable-wrap/-/readable-wrap-1.0.0.tgz",
      "integrity": "sha512-/8n0Mr10S+HGKFygQ42Z40JIXwafPH3A72pwmlNClThgsImV5LJJiCue5Je1asxwY082sYxq/+kTxH6nTn0w3g==",
      "dependencies": {
        "readable-stream": "^1.1.13-1"
      }
    },
    "node_modules/readable-wrap/node_modules/readable-stream": {
      "version": "1.1.14",
      "resolved": "https://registry.npmjs.org/readable-stream/-/readable-stream-1.1.14.tgz",
      "integrity": "sha512-+MeVjFf4L44XUkhM1eYbD8fyEsxcV81pqMSR5gblfcLCHfZvbrqy4/qYHE+/R5HoBUT11WV5O08Cr1n3YXkWVQ==",
      "dependencies": {
        "core-util-is": "~1.0.0",
        "inherits": "~2.0.1",
        "isarray": "0.0.1",
        "string_decoder": "~0.10.x"
      }
    },
    "node_modules/regenerator-runtime": {
      "version": "0.14.0",
      "resolved": "https://registry.npmjs.org/regenerator-runtime/-/regenerator-runtime-0.14.0.tgz",
      "integrity": "sha512-srw17NI0TUWHuGa5CFGGmhfNIeja30WMBfbslPNhf6JrqQlLN5gcrvig1oqPxiVaXb0oW0XRKtH6Nngs5lKCIA=="
    },
    "node_modules/require-directory": {
      "version": "2.1.1",
      "resolved": "https://registry.npmjs.org/require-directory/-/require-directory-2.1.1.tgz",
      "integrity": "sha512-fGxEI7+wsG9xrvdjsrlmL22OMTTiHRwAMroiEeMgq8gzoLC/PQr7RsRDSTLUg/bZAZtF+TVIkHc6/4RIKrui+Q==",
      "dev": true,
      "engines": {
        "node": ">=0.10.0"
      }
    },
    "node_modules/requires-port": {
      "version": "1.0.0",
      "resolved": "https://registry.npmjs.org/requires-port/-/requires-port-1.0.0.tgz",
      "integrity": "sha512-KigOCHcocU3XODJxsu8i/j8T9tzT4adHiecwORRQ0ZZFcp7ahwXuRU1m+yuO90C5ZUyGeGfocHDI14M3L3yDAQ=="
    },
    "node_modules/safe-buffer": {
      "version": "5.1.2",
      "resolved": "https://registry.npmjs.org/safe-buffer/-/safe-buffer-5.1.2.tgz",
      "integrity": "sha512-Gd2UZBJDkXlY7GbJxfsE8/nvKkUEU1G38c1siN6QP6a9PT9MmHB8GnpscSmMJSoF8LOIrt8ud/wPtojys4G6+g=="
    },
    "node_modules/sockette": {
      "version": "2.0.6",
      "resolved": "https://registry.npmjs.org/sockette/-/sockette-2.0.6.tgz",
      "integrity": "sha512-W6iG8RGV6Zife3Cj+FhuyHV447E6fqFM2hKmnaQrTvg3OydINV3Msj3WPFbX76blUlUxvQSMMMdrJxce8NqI5Q=="
    },
    "node_modules/split": {
      "version": "0.3.3",
      "resolved": "https://registry.npmjs.org/split/-/split-0.3.3.tgz",
      "integrity": "sha512-wD2AeVmxXRBoX44wAycgjVpMhvbwdI2aZjCkvfNcH1YqHQvJVa1duWc73OyVGJUc05fhFaTZeQ/PYsrmyH0JVA==",
      "dependencies": {
        "through": "2"
      },
      "engines": {
        "node": "*"
      }
    },
    "node_modules/ste-core": {
      "version": "3.0.11",
      "resolved": "https://registry.npmjs.org/ste-core/-/ste-core-3.0.11.tgz",
      "integrity": "sha512-ivkRENMh0mdGoPlZ4xVcEaC8rXQfTEfvonRw5m8VDKV7kgcbZbaNd1TnKl08wXbcLdT7okSc63HNP8cVhy95zg==",
      "engines": {
        "node": ">=4.2.4"
      }
    },
    "node_modules/ste-events": {
      "version": "3.0.11",
      "resolved": "https://registry.npmjs.org/ste-events/-/ste-events-3.0.11.tgz",
      "integrity": "sha512-eahsf3+KARhBOtsdQZvRgzVO/vg8M3wBRbKaQIIFGRIZ2BtAQFr7t0cU94xVW2qh1rA+b4QxrjHc1N9NxKc90w==",
      "dependencies": {
        "ste-core": "^3.0.11"
      },
      "engines": {
        "node": ">=4.2.4"
      }
    },
    "node_modules/ste-promise-events": {
      "version": "3.0.11",
      "resolved": "https://registry.npmjs.org/ste-promise-events/-/ste-promise-events-3.0.11.tgz",
      "integrity": "sha512-LTYTsYSpcNlNRFc/vmviHJ38hB8QTjUYoKVcfjhDnGU2vhnnbAqvsjaY0IMRAlHH6kPMysdgNWfr+1I99BWy9Q==",
      "dependencies": {
        "ste-core": "^3.0.11"
      },
      "engines": {
        "node": ">=4.2.4"
      }
    },
    "node_modules/ste-promise-signals": {
      "version": "3.0.11",
      "resolved": "https://registry.npmjs.org/ste-promise-signals/-/ste-promise-signals-3.0.11.tgz",
      "integrity": "sha512-idDK24bBAeVILzP3/7EEcIoZC1kSYBZE8uW8HassdmPv28vfoME2PQG5GQFWgVGGx88Ag4Nor8qHk88lVQvWhQ==",
      "dependencies": {
        "ste-core": "^3.0.11"
      },
      "engines": {
        "node": ">=4.2.4"
      }
    },
    "node_modules/ste-promise-simple-events": {
      "version": "3.0.11",
      "resolved": "https://registry.npmjs.org/ste-promise-simple-events/-/ste-promise-simple-events-3.0.11.tgz",
      "integrity": "sha512-xrM7scATyrV/cgwdSlegH+fpWGrRqq6hnykgzTye3M85HnFgAIrYINOut2Hg7b0LHP+vhFQ9x2EMCHpZyT3ktQ==",
      "dependencies": {
        "ste-core": "^3.0.11"
      },
      "engines": {
        "node": ">=4.2.4"
      }
    },
    "node_modules/ste-signals": {
      "version": "3.0.11",
      "resolved": "https://registry.npmjs.org/ste-signals/-/ste-signals-3.0.11.tgz",
      "integrity": "sha512-Thc4Z/jYH5DWKxrbV+EtMX7mJLjtjgD2K/sxcK355uJKklg+vlVhCO1JSOJoHlwRfp+hxANMSZQv2JCxFLnjnw==",
      "dependencies": {
        "ste-core": "^3.0.11"
      },
      "engines": {
        "node": ">=4.2.4"
      }
    },
    "node_modules/ste-simple-events": {
      "version": "3.0.11",
      "resolved": "https://registry.npmjs.org/ste-simple-events/-/ste-simple-events-3.0.11.tgz",
      "integrity": "sha512-PDoQajqiTtJLNDWfJCihzACiTVZyFsXi6hNAVNelNJoNmqj+BaWuhJ/NHaAHxzfSRoMbL+hFgfPqFmxiHhAQSQ==",
      "dependencies": {
        "ste-core": "^3.0.11"
      },
      "engines": {
        "node": ">=4.2.4"
      }
    },
    "node_modules/stream-splicer": {
      "version": "1.3.2",
      "resolved": "https://registry.npmjs.org/stream-splicer/-/stream-splicer-1.3.2.tgz",
      "integrity": "sha512-nmUMEbdm/sZYqe9dZs7mqJvTYpunsDbIWI5FiBCMc/hMVd6vwzy+ITmo7C3gcLYqrn+uQ1w+EJwooWvJ997JAA==",
      "dependencies": {
        "indexof": "0.0.1",
        "inherits": "^2.0.1",
        "isarray": "~0.0.1",
        "readable-stream": "^1.1.13-1",
        "readable-wrap": "^1.0.0",
        "through2": "^1.0.0"
      }
    },
    "node_modules/stream-splicer/node_modules/readable-stream": {
      "version": "1.1.14",
      "resolved": "https://registry.npmjs.org/readable-stream/-/readable-stream-1.1.14.tgz",
      "integrity": "sha512-+MeVjFf4L44XUkhM1eYbD8fyEsxcV81pqMSR5gblfcLCHfZvbrqy4/qYHE+/R5HoBUT11WV5O08Cr1n3YXkWVQ==",
      "dependencies": {
        "core-util-is": "~1.0.0",
        "inherits": "~2.0.1",
        "isarray": "0.0.1",
        "string_decoder": "~0.10.x"
      }
    },
    "node_modules/stream-splicer/node_modules/through2": {
      "version": "1.1.1",
      "resolved": "https://registry.npmjs.org/through2/-/through2-1.1.1.tgz",
      "integrity": "sha512-zEbpaeSMHxczpTzO1KkMHjBC1enTA68ojeaZGG4toqdASpb9t4xUZaYFBq2/9OHo5nTGFVSYd4c910OR+6wxbQ==",
      "dependencies": {
        "readable-stream": ">=1.1.13-1 <1.2.0-0",
        "xtend": ">=4.0.0 <4.1.0-0"
      }
    },
    "node_modules/string_decoder": {
      "version": "0.10.31",
      "resolved": "https://registry.npmjs.org/string_decoder/-/string_decoder-0.10.31.tgz",
      "integrity": "sha512-ev2QzSzWPYmy9GuqfIVildA4OdcGLeFZQrq5ys6RtiuF+RQQiZWr8TZNyAcuVXyQRYfEO+MsoB/1BuQVhOJuoQ=="
    },
    "node_modules/string-width": {
      "version": "4.2.3",
      "resolved": "https://registry.npmjs.org/string-width/-/string-width-4.2.3.tgz",
      "integrity": "sha512-wKyQRQpjJ0sIp62ErSZdGsjMJWsap5oRNihHhu6G7JVO/9jIB6UyevL+tXuOqrng8j/cxKTWyWUwvSTriiZz/g==",
      "dev": true,
      "dependencies": {
        "emoji-regex": "^8.0.0",
        "is-fullwidth-code-point": "^3.0.0",
        "strip-ansi": "^6.0.1"
      },
      "engines": {
        "node": ">=8"
      }
    },
    "node_modules/strip-ansi": {
      "version": "6.0.1",
      "resolved": "https://registry.npmjs.org/strip-ansi/-/strip-ansi-6.0.1.tgz",
      "integrity": "sha512-Y38VPSHcqkFrCpFnQ9vuSXmquuv5oXOKpGeT6aGrr3o3Gc9AlVa6JBfUSOCnbxGGZF+/0ooI7KrPuUSztUdU5A==",
      "dev": true,
      "dependencies": {
        "ansi-regex": "^5.0.1"
      },
      "engines": {
        "node": ">=8"
      }
    },
    "node_modules/strongly-typed-events": {
      "version": "3.0.11",
      "resolved": "https://registry.npmjs.org/strongly-typed-events/-/strongly-typed-events-3.0.11.tgz",
      "integrity": "sha512-k7871A9tGgikRriVCARnb8+tlF/x6kFd8+KidcFcN6EG/3DcOMPnNBfRH712PGXlj2zhmy/VDvOFND1TYp2JdQ==",
      "dependencies": {
        "ste-core": "^3.0.11",
        "ste-events": "^3.0.11",
        "ste-promise-events": "^3.0.11",
        "ste-promise-signals": "^3.0.11",
        "ste-promise-simple-events": "^3.0.11",
        "ste-signals": "^3.0.11",
        "ste-simple-events": "^3.0.11"
      },
      "engines": {
        "node": ">=4.2.4"
      }
    },
    "node_modules/through": {
      "version": "2.3.8",
      "resolved": "https://registry.npmjs.org/through/-/through-2.3.8.tgz",
      "integrity": "sha512-w89qg7PI8wAdvX60bMDP+bFoD5Dvhm9oLheFp5O4a2QF0cSBGsBX4qZmadPMvVqlLJBBci+WqGGOAPvcDeNSVg=="
    },
    "node_modules/through2": {
      "version": "2.0.5",
      "resolved": "https://registry.npmjs.org/through2/-/through2-2.0.5.tgz",
      "integrity": "sha512-/mrRod8xqpA+IHSLyGCQ2s8SPHiCDEeQJSep1jqLYeEUClOFG2Qsh+4FU6G9VeqpZnGW/Su8LQGc4YKni5rYSQ==",
      "dev": true,
      "dependencies": {
        "readable-stream": "~2.3.6",
        "xtend": "~4.0.1"
      }
    },
    "node_modules/through2/node_modules/isarray": {
      "version": "1.0.0",
      "resolved": "https://registry.npmjs.org/isarray/-/isarray-1.0.0.tgz",
      "integrity": "sha512-VLghIWNM6ELQzo7zwmcg0NmTVyWKYjvIeM83yjp0wRDTmUnrM678fQbcKBo6n2CJEF0szoG//ytg+TKla89ALQ==",
      "dev": true
    },
    "node_modules/through2/node_modules/readable-stream": {
      "version": "2.3.8",
      "resolved": "https://registry.npmjs.org/readable-stream/-/readable-stream-2.3.8.tgz",
      "integrity": "sha512-8p0AUk4XODgIewSi0l8Epjs+EVnWiK7NoDIEGU0HhE7+ZyY8D1IMY7odu5lRrFXGg71L15KG8QrPmum45RTtdA==",
      "dev": true,
      "dependencies": {
        "core-util-is": "~1.0.0",
        "inherits": "~2.0.3",
        "isarray": "~1.0.0",
        "process-nextick-args": "~2.0.0",
        "safe-buffer": "~5.1.1",
        "string_decoder": "~1.1.1",
        "util-deprecate": "~1.0.1"
      }
    },
    "node_modules/through2/node_modules/string_decoder": {
      "version": "1.1.1",
      "resolved": "https://registry.npmjs.org/string_decoder/-/string_decoder-1.1.1.tgz",
      "integrity": "sha512-n/ShnvDi6FHbbVfviro+WojiFzv+s8MPMHBczVePfUpDJLwoLT0ht1l4YwBCbi8pJAveEEdnkHyPyTP/mzRfwg==",
      "dev": true,
      "dependencies": {
        "safe-buffer": "~5.1.0"
      }
    },
    "node_modules/tough-cookie": {
      "version": "4.1.3",
      "resolved": "https://registry.npmjs.org/tough-cookie/-/tough-cookie-4.1.3.tgz",
      "integrity": "sha512-aX/y5pVRkfRnfmuX+OdbSdXvPe6ieKX/G2s7e98f4poJHnqH3281gDPm/metm6E/WRamfx7WC4HUqkWHfQHprw==",
      "dependencies": {
        "psl": "^1.1.33",
        "punycode": "^2.1.1",
        "universalify": "^0.2.0",
        "url-parse": "^1.5.3"
      },
      "engines": {
        "node": ">=6"
      }
    },
    "node_modules/tr46": {
      "version": "0.0.3",
      "resolved": "https://registry.npmjs.org/tr46/-/tr46-0.0.3.tgz",
      "integrity": "sha512-N3WMsuqV66lT30CrXNbEjx4GEwlow3v6rr4mCcv6prnfwhS01rkgyFdjPNBYd9br7LpXV1+Emh01fHnq2Gdgrw=="
    },
    "node_modules/trumpet": {
      "version": "1.7.0",
      "resolved": "https://registry.npmjs.org/trumpet/-/trumpet-1.7.0.tgz",
      "integrity": "sha512-V8HPYPu3keNsvEEuyXmWcqII/5Nmu07rUO7L5paKQJBhzK/DniZAqveEECosZf9QA/SYNKaUvP4LFXZ3mCepIw==",
      "dependencies": {
        "duplexer2": "~0.0.2",
        "html-select": "^2.3.5",
        "html-tokenize": "^1.1.1",
        "inherits": "^2.0.0",
        "readable-stream": "^1.0.27-1",
        "through2": "^1.0.0"
      }
    },
    "node_modules/trumpet/node_modules/readable-stream": {
      "version": "1.1.14",
      "resolved": "https://registry.npmjs.org/readable-stream/-/readable-stream-1.1.14.tgz",
      "integrity": "sha512-+MeVjFf4L44XUkhM1eYbD8fyEsxcV81pqMSR5gblfcLCHfZvbrqy4/qYHE+/R5HoBUT11WV5O08Cr1n3YXkWVQ==",
      "dependencies": {
        "core-util-is": "~1.0.0",
        "inherits": "~2.0.1",
        "isarray": "0.0.1",
        "string_decoder": "~0.10.x"
      }
    },
    "node_modules/trumpet/node_modules/through2": {
      "version": "1.1.1",
      "resolved": "https://registry.npmjs.org/through2/-/through2-1.1.1.tgz",
      "integrity": "sha512-zEbpaeSMHxczpTzO1KkMHjBC1enTA68ojeaZGG4toqdASpb9t4xUZaYFBq2/9OHo5nTGFVSYd4c910OR+6wxbQ==",
      "dependencies": {
        "readable-stream": ">=1.1.13-1 <1.2.0-0",
        "xtend": ">=4.0.0 <4.1.0-0"
      }
    },
    "node_modules/typedarray": {
      "version": "0.0.6",
      "resolved": "https://registry.npmjs.org/typedarray/-/typedarray-0.0.6.tgz",
      "integrity": "sha512-/aCDEGatGvZ2BIk+HmLf4ifCJFwvKFNb9/JeZPMulfgFracn9QFcAf5GO8B/mweUjSoblS5In0cWhqpfs/5PQA=="
    },
    "node_modules/typescript": {
      "version": "4.9.5",
      "resolved": "https://registry.npmjs.org/typescript/-/typescript-4.9.5.tgz",
      "integrity": "sha512-1FXk9E2Hm+QzZQ7z+McJiHL4NW1F2EzMu9Nq9i3zAaGqibafqYwCVU6WyWAuyQRRzOlxou8xZSyXLEN8oKj24g==",
      "dev": true,
      "bin": {
        "tsc": "bin/tsc",
        "tsserver": "bin/tsserver"
      },
      "engines": {
        "node": ">=4.2.0"
      }
    },
    "node_modules/universalify": {
      "version": "0.2.0",
      "resolved": "https://registry.npmjs.org/universalify/-/universalify-0.2.0.tgz",
      "integrity": "sha512-CJ1QgKmNg3CwvAv/kOFmtnEN05f0D/cn9QntgNOQlQF9dgvVTHj3t+8JPdjqawCHk7V/KA+fbUqzZ9XWhcqPUg==",
      "engines": {
        "node": ">= 4.0.0"
      }
    },
    "node_modules/untildify": {
      "version": "4.0.0",
      "resolved": "https://registry.npmjs.org/untildify/-/untildify-4.0.0.tgz",
      "integrity": "sha512-KK8xQ1mkzZeg9inewmFVDNkg3l5LUhoq9kN6iWYB/CC9YMG8HA+c1Q8HwDe6dEX7kErrEVNVBO3fWsVq5iDgtw==",
      "dev": true,
      "engines": {
        "node": ">=8"
      }
    },
    "node_modules/url-parse": {
      "version": "1.5.10",
      "resolved": "https://registry.npmjs.org/url-parse/-/url-parse-1.5.10.tgz",
      "integrity": "sha512-WypcfiRhfeUP9vvF0j6rw0J3hrWrw6iZv3+22h6iRMJ/8z1Tj6XfLP4DsUix5MhMPnXpiHDoKyoZ/bdCkwBCiQ==",
      "dependencies": {
        "querystringify": "^2.1.1",
        "requires-port": "^1.0.0"
      }
    },
    "node_modules/util-deprecate": {
      "version": "1.0.2",
      "resolved": "https://registry.npmjs.org/util-deprecate/-/util-deprecate-1.0.2.tgz",
      "integrity": "sha512-EPD5q1uXyFxJpCrLnCc1nHnq3gOa6DZBocAIiI2TaSCA7VCJ1UJDMagCzIkXNsUYfD1daK//LTEQ8xiIbrHtcw=="
    },
    "node_modules/webidl-conversions": {
      "version": "3.0.1",
      "resolved": "https://registry.npmjs.org/webidl-conversions/-/webidl-conversions-3.0.1.tgz",
      "integrity": "sha512-2JAn3z8AR6rjK8Sm8orRC0h/bcl/DqL7tRPdGZ4I1CjdF+EaMLmYxBHyXuKL849eucPFhvBoxMsflfOb8kxaeQ=="
    },
    "node_modules/whatwg-url": {
      "version": "5.0.0",
      "resolved": "https://registry.npmjs.org/whatwg-url/-/whatwg-url-5.0.0.tgz",
      "integrity": "sha512-saE57nupxk6v3HY35+jzBwYa0rKSy0XR8JSxZPwgLr7ys0IBzhGviA1/TUGJLmSVqs8pb9AnvICXEuOHLprYTw==",
      "dependencies": {
        "tr46": "~0.0.3",
        "webidl-conversions": "^3.0.0"
      }
    },
    "node_modules/wrap-ansi": {
      "version": "7.0.0",
      "resolved": "https://registry.npmjs.org/wrap-ansi/-/wrap-ansi-7.0.0.tgz",
      "integrity": "sha512-YVGIj2kamLSTxw6NsZjoBxfSwsn0ycdesmc4p+Q21c5zPuZ1pl+NfxVdxPtdHvmNVOQ6XSYG4AUtyt/Fi7D16Q==",
      "dev": true,
      "dependencies": {
        "ansi-styles": "^4.0.0",
        "string-width": "^4.1.0",
        "strip-ansi": "^6.0.0"
      },
      "engines": {
        "node": ">=10"
      },
      "funding": {
        "url": "https://github.com/chalk/wrap-ansi?sponsor=1"
      }
    },
    "node_modules/wrappy": {
      "version": "1.0.2",
      "resolved": "https://registry.npmjs.org/wrappy/-/wrappy-1.0.2.tgz",
      "integrity": "sha512-l4Sp/DRseor9wL6EvV2+TuQn63dMkPjZ/sp9XkghTEbV9KlPS1xUsZ3u7/IQO4wxtcFB4bgpQPRcR3QCvezPcQ==",
      "dev": true
    },
    "node_modules/ws": {
      "version": "7.5.9",
      "resolved": "https://registry.npmjs.org/ws/-/ws-7.5.9.tgz",
      "integrity": "sha512-F+P9Jil7UiSKSkppIiD94dN07AwvFixvLIj1Og1Rl9GGMuNipJnV9JzjD6XuqmAeiswGvUmNLjr5cFuXwNS77Q==",
      "engines": {
        "node": ">=8.3.0"
      },
      "peerDependencies": {
        "bufferutil": "^4.0.1",
        "utf-8-validate": "^5.0.2"
      },
      "peerDependenciesMeta": {
        "bufferutil": {
          "optional": true
        },
        "utf-8-validate": {
          "optional": true
        }
      }
    },
    "node_modules/xtend": {
      "version": "4.0.2",
      "resolved": "https://registry.npmjs.org/xtend/-/xtend-4.0.2.tgz",
      "integrity": "sha512-LKYU1iAXJXUgAXn9URjiu+MWhyUXHsvfp7mcuYm9dSUKK0/CjtrUwFAxD82/mCWbtLsGjFIad0wIsod4zrTAEQ==",
      "engines": {
        "node": ">=0.4"
      }
    },
    "node_modules/y18n": {
      "version": "5.0.8",
      "resolved": "https://registry.npmjs.org/y18n/-/y18n-5.0.8.tgz",
      "integrity": "sha512-0pfFzegeDWJHJIAmTLRP2DwHjdF5s7jo9tuztdQxAhINCdvS+3nGINqPd00AphqJR/0LhANUS6/+7SCb98YOfA==",
      "dev": true,
      "engines": {
        "node": ">=10"
      }
    },
    "node_modules/yargs": {
      "version": "16.2.0",
      "resolved": "https://registry.npmjs.org/yargs/-/yargs-16.2.0.tgz",
      "integrity": "sha512-D1mvvtDG0L5ft/jGWkLpG1+m0eQxOfaBvTNELraWj22wSVUMWxZUvYgJYcKh6jGGIkJFhH4IZPQhR4TKpc8mBw==",
      "dev": true,
      "dependencies": {
        "cliui": "^7.0.2",
        "escalade": "^3.1.1",
        "get-caller-file": "^2.0.5",
        "require-directory": "^2.1.1",
        "string-width": "^4.2.0",
        "y18n": "^5.0.5",
        "yargs-parser": "^20.2.2"
      },
      "engines": {
        "node": ">=10"
      }
    },
    "node_modules/yargs-parser": {
      "version": "20.2.9",
      "resolved": "https://registry.npmjs.org/yargs-parser/-/yargs-parser-20.2.9.tgz",
      "integrity": "sha512-y11nGElTIV+CT3Zv9t7VKl+Q3hTQoT9a1Qzezhhl6Rp21gJ/IVTW7Z3y9EWXhuUBC2Shnf+DX0antecpAwSP8w==",
      "dev": true,
      "engines": {
        "node": ">=10"
      }
    }
  }
}
